
Microsoft Visual Studio Solution File, Format Version 12.00
# Visual Studio 15
VisualStudioVersion = 15.0.28307.271
MinimumVisualStudioVersion = 10.0.40219.1
Project("{FAE04EC0-301F-11D3-BF4B-00C04F79EFBC}") = "task_5_dop", "task_5_dop\task_5_dop.csproj", "{23CB1BD9-0021-4E66-83FA-2E480F3D922A}"
EndProject
Global
	GlobalSection(SolutionConfigurationPlatforms) = preSolution
		Debug|Any CPU = Debug|Any CPU
		Release|Any CPU = Release|Any CPU
	EndGlobalSection
	GlobalSection(ProjectConfigurationPlatforms) = postSolution
		{23CB1BD9-0021-4E66-83FA-2E480F3D922A}.Debug|Any CPU.ActiveCfg = Debug|Any CPU
		{23CB1BD9-0021-4E66-83FA-2E480F3D922A}.Debug|Any CPU.Build.0 = Debug|Any CPU
		{23CB1BD9-0021-4E66-83FA-2E480F3D922A}.Release|Any CPU.ActiveCfg = Release|Any CPU
		{23CB1BD9-0021-4E66-83FA-2E480F3D922A}.Release|Any CPU.Build.0 = Release|Any CPU
	EndGlobalSection
	GlobalSection(SolutionProperties) = preSolution
		HideSolutionNode = FALSE
	EndGlobalSection
	GlobalSection(ExtensibilityGlobals) = postSolution
		SolutionGuid = {0409D575-0EB7-41FB-A32E-7BB741A11469}
	EndGlobalSection
EndGlobal
